{
  "version": 4,
  "terraform_version": "1.11.2",
  "serial": 129,
  "lineage": "3372bcb6-5fbe-2688-4364-62d664edc407",
  "outputs": {},
  "resources": [
    {
      "mode": "managed",
      "type": "helm_release",
      "name": "wikijs",
      "provider": "provider[\"registry.terraform.io/hashicorp/helm\"]",
      "instances": [
        {
          "schema_version": 0,
          "attributes": {
            "atomic": false,
            "chart": "wikijs",
            "cleanup_on_fail": false,
            "create_namespace": false,
            "dependency_update": false,
            "description": null,
            "devel": null,
            "disable_crd_hooks": false,
            "disable_openapi_validation": false,
            "disable_webhooks": false,
            "force_update": false,
            "id": "wikijs",
            "keyring": null,
            "lint": false,
            "manifest": null,
            "max_history": 0,
            "metadata": [
              {
                "app_version": "version-2.5.201",
                "chart": "wikijs",
                "name": "wikijs",
                "namespace": "media",
                "revision": 7021,
                "values": "{\"image\":{\"pullPolicy\":\"IfNotPresent\",\"repository\":\"ghcr.io/linuxserver/wikijs\",\"tag\":\"2.5.307\"},\"ingress\":{\"main\":{\"annotations\":{\"traefik.ingress.kubernetes.io/router.entrypoints\":\"web\"},\"enabled\":true,\"hosts\":[{\"host\":\"wiki.homelab\",\"paths\":[{\"path\":\"/\",\"pathType\":\"Prefix\"}]}],\"ingressClassName\":\"traefik\"}},\"nodeSelector\":{\"role\":\"arrstack\"},\"persistence\":{\"data\":{\"accessMode\":\"ReadWriteOnce\",\"enabled\":true,\"mountPath\":\"/data\",\"size\":\"5Gi\"}},\"replicaCount\":1,\"service\":{\"main\":{\"ports\":{\"http\":{\"port\":3000}}}}}",
                "version": "6.4.2"
              }
            ],
            "name": "wikijs",
            "namespace": "media",
            "postrender": [],
            "recreate_pods": false,
            "render_subchart_notes": true,
            "replace": false,
            "repository": "https://k8s-at-home.com/charts/",
            "repository_ca_file": null,
            "repository_cert_file": null,
            "repository_key_file": null,
            "repository_password": null,
            "repository_username": null,
            "reset_values": false,
            "reuse_values": false,
            "set": [],
            "set_sensitive": [],
            "skip_crds": false,
            "status": "pending-upgrade",
            "timeout": 300,
            "values": [
              "replicaCount: 1\n\nimage:\n  repository: ghcr.io/linuxserver/wikijs\n  tag: latest\n  pullPolicy: IfNotPresent\n\nnodeSelector:\n    role: arrstack\n\nservice:\n  main:\n    ports:\n      http:\n        port: 3000\n\npersistence:\n  data:\n    enabled: true\n    mountPath: /data\n    size: 5Gi\n    accessMode: ReadWriteOnce\n\ningress:\n  main:\n    enabled: true\n    ingressClassName: traefik\n    annotations:\n      traefik.ingress.kubernetes.io/router.entrypoints: web\n    hosts:\n      - host: wiki.homelab\n        paths:\n          - path: /\n            pathType: Prefix\n"
            ],
            "verify": false,
            "version": "6.4.2",
            "wait": true,
            "wait_for_jobs": false
          },
          "sensitive_attributes": [
            [
              {
                "type": "get_attr",
                "value": "repository_password"
              }
            ]
          ],
          "private": "bnVsbA=="
        }
      ]
    }
  ],
  "check_results": null
}
